// !$*UTF8*$!
{
	archiveVersion = 1;
	classes = {
	};
	objectVersion = 56;
	objects = {

/* Begin PBXBuildFile section */
		C94399FD28F63B500040C798 /* step1.png in Resources */ = {isa = PBXBuildFile; fileRef = C94399FC28F63B500040C798 /* step1.png */; };
		C94399FF28F63B5D0040C798 /*  step2.png in Resources */ = {isa = PBXBuildFile; fileRef = C94399FE28F63B5D0040C798 /*  step2.png */; };
		C9439A0128F63B680040C798 /* step3.png in Resources */ = {isa = PBXBuildFile; fileRef = C9439A0028F63B680040C798 /* step3.png */; };
		C9439A0328F64B8D0040C798 /* Logo_black.png in Resources */ = {isa = PBXBuildFile; fileRef = C9439A0228F64B8D0040C798 /* Logo_black.png */; };
		C95CB32428F5551000E2AE6A /* Balynt - Memory.mp3 in Resources */ = {isa = PBXBuildFile; fileRef = C95CB32328F5551000E2AE6A /* Balynt - Memory.mp3 */; };
		C9CA56E128F3E28A002241B3 /* DatePickerViewController.swift in Sources */ = {isa = PBXBuildFile; fileRef = C9CA56E028F3E28A002241B3 /* DatePickerViewController.swift */; };
		C9D8B92628F2C0430039D7CC /* AppDelegate.swift in Sources */ = {isa = PBXBuildFile; fileRef = C9D8B92528F2C0430039D7CC /* AppDelegate.swift */; };
		C9D8B92828F2C0430039D7CC /* SceneDelegate.swift in Sources */ = {isa = PBXBuildFile; fileRef = C9D8B92728F2C0430039D7CC /* SceneDelegate.swift */; };
		C9D8B92A28F2C0430039D7CC /* ViewController.swift in Sources */ = {isa = PBXBuildFile; fileRef = C9D8B92928F2C0430039D7CC /* ViewController.swift */; };
		C9D8B92D28F2C0430039D7CC /* Main.storyboard in Resources */ = {isa = PBXBuildFile; fileRef = C9D8B92B28F2C0430039D7CC /* Main.storyboard */; };
		C9D8B92F28F2C0450039D7CC /* Assets.xcassets in Resources */ = {isa = PBXBuildFile; fileRef = C9D8B92E28F2C0450039D7CC /* Assets.xcassets */; };
		C9D8B93228F2C0450039D7CC /* LaunchScreen.storyboard in Resources */ = {isa = PBXBuildFile; fileRef = C9D8B93028F2C0450039D7CC /* LaunchScreen.storyboard */; };
		C9ED7A4828F2D5840052B653 /* TableViewController.swift in Sources */ = {isa = PBXBuildFile; fileRef = C9ED7A4628F2D5840052B653 /* TableViewController.swift */; };
		C9ED7A4928F2D5840052B653 /* DetailViewController.swift in Sources */ = {isa = PBXBuildFile; fileRef = C9ED7A4728F2D5840052B653 /* DetailViewController.swift */; };
		C9ED7A4D28F2D58A0052B653 /* pencil.png in Resources */ = {isa = PBXBuildFile; fileRef = C9ED7A4A28F2D58A0052B653 /* pencil.png */; };
		C9ED7A4E28F2D58A0052B653 /* clock.png in Resources */ = {isa = PBXBuildFile; fileRef = C9ED7A4B28F2D58A0052B653 /* clock.png */; };
		C9ED7A4F28F2D58A0052B653 /* cart.png in Resources */ = {isa = PBXBuildFile; fileRef = C9ED7A4C28F2D58A0052B653 /* cart.png */; };
		C9ED7A5128F2D6340052B653 /* AddViewController.swift in Sources */ = {isa = PBXBuildFile; fileRef = C9ED7A5028F2D6340052B653 /* AddViewController.swift */; };
		C9ED7A5328F304480052B653 /* TimerViewController.swift in Sources */ = {isa = PBXBuildFile; fileRef = C9ED7A5228F304480052B653 /* TimerViewController.swift */; };
/* End PBXBuildFile section */

/* Begin PBXFileReference section */
		C94399FC28F63B500040C798 /* step1.png */ = {isa = PBXFileReference; lastKnownFileType = image.png; path = step1.png; sourceTree = "<group>"; };
		C94399FE28F63B5D0040C798 /*  step2.png */ = {isa = PBXFileReference; lastKnownFileType = image.png; path = " step2.png"; sourceTree = "<group>"; };
		C9439A0028F63B680040C798 /* step3.png */ = {isa = PBXFileReference; lastKnownFileType = image.png; path = step3.png; sourceTree = "<group>"; };
		C9439A0228F64B8D0040C798 /* Logo_black.png */ = {isa = PBXFileReference; lastKnownFileType = image.png; path = Logo_black.png; sourceTree = "<group>"; };
		C95CB32328F5551000E2AE6A /* Balynt - Memory.mp3 */ = {isa = PBXFileReference; lastKnownFileType = audio.mp3; path = "Balynt - Memory.mp3"; sourceTree = "<group>"; };
		C9CA56E028F3E28A002241B3 /* DatePickerViewController.swift */ = {isa = PBXFileReference; lastKnownFileType = sourcecode.swift; path = DatePickerViewController.swift; sourceTree = "<group>"; };
		C9D8B92228F2C0430039D7CC /* TTWorldClass.app */ = {isa = PBXFileReference; explicitFileType = wrapper.application; includeInIndex = 0; path = TTWorldClass.app; sourceTree = BUILT_PRODUCTS_DIR; };
		C9D8B92528F2C0430039D7CC /* AppDelegate.swift */ = {isa = PBXFileReference; lastKnownFileType = sourcecode.swift; path = AppDelegate.swift; sourceTree = "<group>"; };
		C9D8B92728F2C0430039D7CC /* SceneDelegate.swift */ = {isa = PBXFileReference; lastKnownFileType = sourcecode.swift; path = SceneDelegate.swift; sourceTree = "<group>"; };
		C9D8B92928F2C0430039D7CC /* ViewController.swift */ = {isa = PBXFileReference; lastKnownFileType = sourcecode.swift; path = ViewController.swift; sourceTree = "<group>"; };
		C9D8B92C28F2C0430039D7CC /* Base */ = {isa = PBXFileReference; lastKnownFileType = file.storyboard; name = Base; path = Base.lproj/Main.storyboard; sourceTree = "<group>"; };
		C9D8B92E28F2C0450039D7CC /* Assets.xcassets */ = {isa = PBXFileReference; lastKnownFileType = folder.assetcatalog; path = Assets.xcassets; sourceTree = "<group>"; };
		C9D8B93128F2C0450039D7CC /* Base */ = {isa = PBXFileReference; lastKnownFileType = file.storyboard; name = Base; path = Base.lproj/LaunchScreen.storyboard; sourceTree = "<group>"; };
		C9D8B93328F2C0450039D7CC /* Info.plist */ = {isa = PBXFileReference; lastKnownFileType = text.plist.xml; path = Info.plist; sourceTree = "<group>"; };
		C9ED7A4628F2D5840052B653 /* TableViewController.swift */ = {isa = PBXFileReference; fileEncoding = 4; lastKnownFileType = sourcecode.swift; path = TableViewController.swift; sourceTree = "<group>"; };
		C9ED7A4728F2D5840052B653 /* DetailViewController.swift */ = {isa = PBXFileReference; fileEncoding = 4; lastKnownFileType = sourcecode.swift; path = DetailViewController.swift; sourceTree = "<group>"; };
		C9ED7A4A28F2D58A0052B653 /* pencil.png */ = {isa = PBXFileReference; lastKnownFileType = image.png; path = pencil.png; sourceTree = "<group>"; };
		C9ED7A4B28F2D58A0052B653 /* clock.png */ = {isa = PBXFileReference; lastKnownFileType = image.png; path = clock.png; sourceTree = "<group>"; };
		C9ED7A4C28F2D58A0052B653 /* cart.png */ = {isa = PBXFileReference; lastKnownFileType = image.png; path = cart.png; sourceTree = "<group>"; };
		C9ED7A5028F2D6340052B653 /* AddViewController.swift */ = {isa = PBXFileReference; fileEncoding = 4; lastKnownFileType = sourcecode.swift; path = AddViewController.swift; sourceTree = "<group>"; };
		C9ED7A5228F304480052B653 /* TimerViewController.swift */ = {isa = PBXFileReference; lastKnownFileType = sourcecode.swift; path = TimerViewController.swift; sourceTree = "<group>"; };
/* End PBXFileReference section */

/* Begin PBXFrameworksBuildPhase section */
		C9D8B91F28F2C0430039D7CC /* Frameworks */ = {
			isa = PBXFrameworksBuildPhase;
			buildActionMask = 2147483647;
			files = (
			);
			runOnlyForDeploymentPostprocessing = 0;
		};
/* End PBXFrameworksBuildPhase section */

/* Begin PBXGroup section */
		C9D8B91928F2C0430039D7CC = {
			isa = PBXGroup;
			children = (
				C9D8B92428F2C0430039D7CC /* TTWorldClass */,
				C9D8B92328F2C0430039D7CC /* Products */,
			);
			sourceTree = "<group>";
		};
		C9D8B92328F2C0430039D7CC /* Products */ = {
			isa = PBXGroup;
			children = (
				C9D8B92228F2C0430039D7CC /* TTWorldClass.app */,
			);
			name = Products;
			sourceTree = "<group>";
		};
		C9D8B92428F2C0430039D7CC /* TTWorldClass */ = {
			isa = PBXGroup;
			children = (
				C9D8B92528F2C0430039D7CC /* AppDelegate.swift */,
				C9D8B92728F2C0430039D7CC /* SceneDelegate.swift */,
				C9D8B92928F2C0430039D7CC /* ViewController.swift */,
				C9ED7A4C28F2D58A0052B653 /* cart.png */,
				C9439A0228F64B8D0040C798 /* Logo_black.png */,
				C9ED7A4B28F2D58A0052B653 /* clock.png */,
				C9ED7A4A28F2D58A0052B653 /* pencil.png */,
				C95CB32328F5551000E2AE6A /* Balynt - Memory.mp3 */,
				C9ED7A5228F304480052B653 /* TimerViewController.swift */,
				C9ED7A5028F2D6340052B653 /* AddViewController.swift */,
				C9ED7A4728F2D5840052B653 /* DetailViewController.swift */,
				C9ED7A4628F2D5840052B653 /* TableViewController.swift */,
				C9CA56E028F3E28A002241B3 /* DatePickerViewController.swift */,
				C94399FE28F63B5D0040C798 /*  step2.png */,
				C9439A0028F63B680040C798 /* step3.png */,
				C94399FC28F63B500040C798 /* step1.png */,
				C9D8B92B28F2C0430039D7CC /* Main.storyboard */,
				C9D8B92E28F2C0450039D7CC /* Assets.xcassets */,
				C9D8B93028F2C0450039D7CC /* LaunchScreen.storyboard */,
				C9D8B93328F2C0450039D7CC /* Info.plist */,
			);
			path = TTWorldClass;
			sourceTree = "<group>";
		};
/* End PBXGroup section */

/* Begin PBXNativeTarget section */
		C9D8B92128F2C0430039D7CC /* TTWorldClass */ = {
			isa = PBXNativeTarget;
			buildConfigurationList = C9D8B93628F2C0450039D7CC /* Build configuration list for PBXNativeTarget "TTWorldClass" */;
			buildPhases = (
				C9D8B91E28F2C0430039D7CC /* Sources */,
				C9D8B91F28F2C0430039D7CC /* Frameworks */,
				C9D8B92028F2C0430039D7CC /* Resources */,
			);
			buildRules = (
			);
			dependencies = (
			);
			name = TTWorldClass;
			productName = TTWorldClass;
			productReference = C9D8B92228F2C0430039D7CC /* TTWorldClass.app */;
			productType = "com.apple.product-type.application";
		};
/* End PBXNativeTarget section */

/* Begin PBXProject section */
		C9D8B91A28F2C0430039D7CC /* Project object */ = {
			isa = PBXProject;
			attributes = {
				BuildIndependentTargetsInParallel = 1;
				LastSwiftUpdateCheck = 1400;
				LastUpgradeCheck = 1400;
				TargetAttributes = {
					C9D8B92128F2C0430039D7CC = {
						CreatedOnToolsVersion = 14.0.1;
					};
				};
			};
			buildConfigurationList = C9D8B91D28F2C0430039D7CC /* Build configuration list for PBXProject "TTWorldClass" */;
			compatibilityVersion = "Xcode 14.0";
			developmentRegion = en;
			hasScannedForEncodings = 0;
			knownRegions = (
				en,
				Base,
			);
			mainGroup = C9D8B91928F2C0430039D7CC;
			productRefGroup = C9D8B92328F2C0430039D7CC /* Products */;
			projectDirPath = "";
			projectRoot = "";
			targets = (
				C9D8B92128F2C0430039D7CC /* TTWorldClass */,
			);
		};
/* End PBXProject section */

/* Begin PBXResourcesBuildPhase section */
		C9D8B92028F2C0430039D7CC /* Resources */ = {
			isa = PBXResourcesBuildPhase;
			buildActionMask = 2147483647;
			files = (
				C94399FF28F63B5D0040C798 /*  step2.png in Resources */,
				C9439A0328F64B8D0040C798 /* Logo_black.png in Resources */,
				C9ED7A4E28F2D58A0052B653 /* clock.png in Resources */,
				C9439A0128F63B680040C798 /* step3.png in Resources */,
				C9ED7A4F28F2D58A0052B653 /* cart.png in Resources */,
				C9ED7A4D28F2D58A0052B653 /* pencil.png in Resources */,
				C94399FD28F63B500040C798 /* step1.png in Resources */,
				C9D8B93228F2C0450039D7CC /* LaunchScreen.storyboard in Resources */,
				C9D8B92F28F2C0450039D7CC /* Assets.xcassets in Resources */,
				C95CB32428F5551000E2AE6A /* Balynt - Memory.mp3 in Resources */,
				C9D8B92D28F2C0430039D7CC /* Main.storyboard in Resources */,
			);
			runOnlyForDeploymentPostprocessing = 0;
		};
/* End PBXResourcesBuildPhase section */

/* Begin PBXSourcesBuildPhase section */
		C9D8B91E28F2C0430039D7CC /* Sources */ = {
			isa = PBXSourcesBuildPhase;
			buildActionMask = 2147483647;
			files = (
				C9D8B92A28F2C0430039D7CC /* ViewController.swift in Sources */,
				C9D8B92628F2C0430039D7CC /* AppDelegate.swift in Sources */,
				C9ED7A5128F2D6340052B653 /* AddViewController.swift in Sources */,
				C9ED7A5328F304480052B653 /* TimerViewController.swift in Sources */,
				C9CA56E128F3E28A002241B3 /* DatePickerViewController.swift in Sources */,
				C9ED7A4928F2D5840052B653 /* DetailViewController.swift in Sources */,
				C9D8B92828F2C0430039D7CC /* SceneDelegate.swift in Sources */,
				C9ED7A4828F2D5840052B653 /* TableViewController.swift in Sources */,
			);
			runOnlyForDeploymentPostprocessing = 0;
		};
/* End PBXSourcesBuildPhase section */

/* Begin PBXVariantGroup section */
		C9D8B92B28F2C0430039D7CC /* Main.storyboard */ = {
			isa = PBXVariantGroup;
			children = (
				C9D8B92C28F2C0430039D7CC /* Base */,
			);
			name = Main.storyboard;
			sourceTree = "<group>";
		};
		C9D8B93028F2C0450039D7CC /* LaunchScreen.storyboard */ = {
			isa = PBXVariantGroup;
			children = (
				C9D8B93128F2C0450039D7CC /* Base */,
			);
			name = LaunchScreen.storyboard;
			sourceTree = "<group>";
		};
/* End PBXVariantGroup section */

/* Begin XCBuildConfiguration section */
		C9D8B93428F2C0450039D7CC /* Debug */ = {
			isa = XCBuildConfiguration;
			buildSettings = {
				ALWAYS_SEARCH_USER_PATHS = NO;
				CLANG_ANALYZER_NONNULL = YES;
				CLANG_ANALYZER_NUMBER_OBJECT_CONVERSION = YES_AGGRESSIVE;
				CLANG_CXX_LANGUAGE_STANDARD = "gnu++20";
				CLANG_ENABLE_MODULES = YES;
				CLANG_ENABLE_OBJC_ARC = YES;
				CLANG_ENABLE_OBJC_WEAK = YES;
				CLANG_WARN_BLOCK_CAPTURE_AUTORELEASING = YES;
				CLANG_WARN_BOOL_CONVERSION = YES;
				CLANG_WARN_COMMA = YES;
				CLANG_WARN_CONSTANT_CONVERSION = YES;
				CLANG_WARN_DEPRECATED_OBJC_IMPLEMENTATIONS = YES;
				CLANG_WARN_DIRECT_OBJC_ISA_USAGE = YES_ERROR;
				CLANG_WARN_DOCUMENTATION_COMMENTS = YES;
				CLANG_WARN_EMPTY_BODY = YES;
				CLANG_WARN_ENUM_CONVERSION = YES;
				CLANG_WARN_INFINITE_RECURSION = YES;
				CLANG_WARN_INT_CONVERSION = YES;
				CLANG_WARN_NON_LITERAL_NULL_CONVERSION = YES;
				CLANG_WARN_OBJC_IMPLICIT_RETAIN_SELF = YES;
				CLANG_WARN_OBJC_LITERAL_CONVERSION = YES;
				CLANG_WARN_OBJC_ROOT_CLASS = YES_ERROR;
				CLANG_WARN_QUOTED_INCLUDE_IN_FRAMEWORK_HEADER = YES;
				CLANG_WARN_RANGE_LOOP_ANALYSIS = YES;
				CLANG_WARN_STRICT_PROTOTYPES = YES;
				CLANG_WARN_SUSPICIOUS_MOVE = YES;
				CLANG_WARN_UNGUARDED_AVAILABILITY = YES_AGGRESSIVE;
				CLANG_WARN_UNREACHABLE_CODE = YES;
				CLANG_WARN__DUPLICATE_METHOD_MATCH = YES;
				COPY_PHASE_STRIP = NO;
				DEBUG_INFORMATION_FORMAT = dwarf;
				ENABLE_STRICT_OBJC_MSGSEND = YES;
				ENABLE_TESTABILITY = YES;
				GCC_C_LANGUAGE_STANDARD = gnu11;
				GCC_DYNAMIC_NO_PIC = NO;
				GCC_NO_COMMON_BLOCKS = YES;
				GCC_OPTIMIZATION_LEVEL = 0;
				GCC_PREPROCESSOR_DEFINITIONS = (
					"DEBUG=1",
					"$(inherited)",
				);
				GCC_WARN_64_TO_32_BIT_CONVERSION = YES;
				GCC_WARN_ABOUT_RETURN_TYPE = YES_ERROR;
				GCC_WARN_UNDECLARED_SELECTOR = YES;
				GCC_WARN_UNINITIALIZED_AUTOS = YES_AGGRESSIVE;
				GCC_WARN_UNUSED_FUNCTION = YES;
				GCC_WARN_UNUSED_VARIABLE = YES;
				IPHONEOS_DEPLOYMENT_TARGET = 16.0;
				MTL_ENABLE_DEBUG_INFO = INCLUDE_SOURCE;
				MTL_FAST_MATH = YES;
				ONLY_ACTIVE_ARCH = YES;
				SDKROOT = iphoneos;
				SWIFT_ACTIVE_COMPILATION_CONDITIONS = DEBUG;
				SWIFT_OPTIMIZATION_LEVEL = "-Onone";
			};
			name = Debug;
		};
		C9D8B93528F2C0450039D7CC /* Release */ = {
			isa = XCBuildConfiguration;
			buildSettings = {
				ALWAYS_SEARCH_USER_PATHS = NO;
				CLANG_ANALYZER_NONNULL = YES;
				CLANG_ANALYZER_NUMBER_OBJECT_CONVERSION = YES_AGGRESSIVE;
				CLANG_CXX_LANGUAGE_STANDARD = "gnu++20";
				CLANG_ENABLE_MODULES = YES;
				CLANG_ENABLE_OBJC_ARC = YES;
				CLANG_ENABLE_OBJC_WEAK = YES;
				CLANG_WARN_BLOCK_CAPTURE_AUTORELEASING = YES;
				CLANG_WARN_BOOL_CONVERSION = YES;
				CLANG_WARN_COMMA = YES;
				CLANG_WARN_CONSTANT_CONVERSION = YES;
				CLANG_WARN_DEPRECATED_OBJC_IMPLEMENTATIONS = YES;
				CLANG_WARN_DIRECT_OBJC_ISA_USAGE = YES_ERROR;
				CLANG_WARN_DOCUMENTATION_COMMENTS = YES;
				CLANG_WARN_EMPTY_BODY = YES;
				CLANG_WARN_ENUM_CONVERSION = YES;
				CLANG_WARN_INFINITE_RECURSION = YES;
				CLANG_WARN_INT_CONVERSION = YES;
				CLANG_WARN_NON_LITERAL_NULL_CONVERSION = YES;
				CLANG_WARN_OBJC_IMPLICIT_RETAIN_SELF = YES;
				CLANG_WARN_OBJC_LITERAL_CONVERSION = YES;
				CLANG_WARN_OBJC_ROOT_CLASS = YES_ERROR;
				CLANG_WARN_QUOTED_INCLUDE_IN_FRAMEWORK_HEADER = YES;
				CLANG_WARN_RANGE_LOOP_ANALYSIS = YES;
				CLANG_WARN_STRICT_PROTOTYPES = YES;
				CLANG_WARN_SUSPICIOUS_MOVE = YES;
				CLANG_WARN_UNGUARDED_AVAILABILITY = YES_AGGRESSIVE;
				CLANG_WARN_UNREACHABLE_CODE = YES;
				CLANG_WARN__DUPLICATE_METHOD_MATCH = YES;
				COPY_PHASE_STRIP = NO;
				DEBUG_INFORMATION_FORMAT = "dwarf-with-dsym";
				ENABLE_NS_ASSERTIONS = NO;
				ENABLE_STRICT_OBJC_MSGSEND = YES;
				GCC_C_LANGUAGE_STANDARD = gnu11;
				GCC_NO_COMMON_BLOCKS = YES;
				GCC_WARN_64_TO_32_BIT_CONVERSION = YES;
				GCC_WARN_ABOUT_RETURN_TYPE = YES_ERROR;
				GCC_WARN_UNDECLARED_SELECTOR = YES;
				GCC_WARN_UNINITIALIZED_AUTOS = YES_AGGRESSIVE;
				GCC_WARN_UNUSED_FUNCTION = YES;
				GCC_WARN_UNUSED_VARIABLE = YES;
				IPHONEOS_DEPLOYMENT_TARGET = 16.0;
				MTL_ENABLE_DEBUG_INFO = NO;
				MTL_FAST_MATH = YES;
				SDKROOT = iphoneos;
				SWIFT_COMPILATION_MODE = wholemodule;
				SWIFT_OPTIMIZATION_LEVEL = "-O";
				VALIDATE_PRODUCT = YES;
			};
			name = Release;
		};
		C9D8B93728F2C0450039D7CC /* Debug */ = {
			isa = XCBuildConfiguration;
			buildSettings = {
				ASSETCATALOG_COMPILER_APPICON_NAME = AppIcon;
				ASSETCATALOG_COMPILER_GLOBAL_ACCENT_COLOR_NAME = AccentColor;
				CODE_SIGN_STYLE = Automatic;
				CURRENT_PROJECT_VERSION = 1;
				DEVELOPMENT_TEAM = UULN4L9KLP;
				GENERATE_INFOPLIST_FILE = YES;
				INFOPLIST_FILE = TTWorldClass/Info.plist;
				INFOPLIST_KEY_UIApplicationSupportsIndirectInputEvents = YES;
				INFOPLIST_KEY_UILaunchStoryboardName = LaunchScreen;
				INFOPLIST_KEY_UIMainStoryboardFile = Main;
				INFOPLIST_KEY_UISupportedInterfaceOrientations_iPad = "UIInterfaceOrientationPortrait UIInterfaceOrientationPortraitUpsideDown UIInterfaceOrientationLandscapeLeft UIInterfaceOrientationLandscapeRight";
				INFOPLIST_KEY_UISupportedInterfaceOrientations_iPhone = "UIInterfaceOrientationPortrait UIInterfaceOrientationLandscapeLeft UIInterfaceOrientationLandscapeRight";
				LD_RUNPATH_SEARCH_PATHS = (
					"$(inherited)",
					"@executable_path/Frameworks",
				);
				MARKETING_VERSION = 1.0;
				PRODUCT_BUNDLE_IDENTIFIER = com.worldclass.TTWorldClass;
				PRODUCT_NAME = "$(TARGET_NAME)";
				SWIFT_EMIT_LOC_STRINGS = YES;
				SWIFT_VERSION = 5.0;
				TARGETED_DEVICE_FAMILY = "1,2";
			};
			name = Debug;
		};
		C9D8B93828F2C0450039D7CC /* Release */ = {
			isa = XCBuildConfiguration;
			buildSettings = {
				ASSETCATALOG_COMPILER_APPICON_NAME = AppIcon;
				ASSETCATALOG_COMPILER_GLOBAL_ACCENT_COLOR_NAME = AccentColor;
				CODE_SIGN_STYLE = Automatic;
				CURRENT_PROJECT_VERSION = 1;
				DEVELOPMENT_TEAM = UULN4L9KLP;
				GENERATE_INFOPLIST_FILE = YES;
				INFOPLIST_FILE = TTWorldClass/Info.plist;
				INFOPLIST_KEY_UIApplicationSupportsIndirectInputEvents = YES;
				INFOPLIST_KEY_UILaunchStoryboardName = LaunchScreen;
				INFOPLIST_KEY_UIMainStoryboardFile = Main;
				INFOPLIST_KEY_UISupportedInterfaceOrientations_iPad = "UIInterfaceOrientationPortrait UIInterfaceOrientationPortraitUpsideDown UIInterfaceOrientationLandscapeLeft UIInterfaceOrientationLandscapeRight";
				INFOPLIST_KEY_UISupportedInterfaceOrientations_iPhone = "UIInterfaceOrientationPortrait UIInterfaceOrientationLandscapeLeft UIInterfaceOrientationLandscapeRight";
				LD_RUNPATH_SEARCH_PATHS = (
					"$(inherited)",
					"@executable_path/Frameworks",
				);
				MARKETING_VERSION = 1.0;
				PRODUCT_BUNDLE_IDENTIFIER = com.worldclass.TTWorldClass;
				PRODUCT_NAME = "$(TARGET_NAME)";
				SWIFT_EMIT_LOC_STRINGS = YES;
				SWIFT_VERSION = 5.0;
				TARGETED_DEVICE_FAMILY = "1,2";
			};
			name = Release;
		};
/* End XCBuildConfiguration section */

/* Begin XCConfigurationList section */
		C9D8B91D28F2C0430039D7CC /* Build configuration list for PBXProject "TTWorldClass" */ = {
			isa = XCConfigurationList;
			buildConfigurations = (
				C9D8B93428F2C0450039D7CC /* Debug */,
				C9D8B93528F2C0450039D7CC /* Release */,
			);
			defaultConfigurationIsVisible = 0;
			defaultConfigurationName = Release;
		};
		C9D8B93628F2C0450039D7CC /* Build configuration list for PBXNativeTarget "TTWorldClass" */ = {
			isa = XCConfigurationList;
			buildConfigurations = (
				C9D8B93728F2C0450039D7CC /* Debug */,
				C9D8B93828F2C0450039D7CC /* Release */,
			);
			defaultConfigurationIsVisible = 0;
			defaultConfigurationName = Release;
		};
/* End XCConfigurationList section */
	};
	rootObject = C9D8B91A28F2C0430039D7CC /* Project object */;
}
